
Microsoft Visual Studio Solution File, Format Version 12.00
# Visual Studio Version 16
VisualStudioVersion = 16.0.31624.102
MinimumVisualStudioVersion = 10.0.40219.1
Project("{8BC9CEB8-8B4A-11D0-8D11-00A0C91BC942}") = "pansuro", "pansuro\pansuro.vcxproj", "{C80D6CD7-863A-43AD-BB8F-4D5DA246E940}"
EndProject
Global
	GlobalSection(SolutionConfigurationPlatforms) = preSolution
		Debug|x64 = Debug|x64
		Release|x64 = Release|x64
	EndGlobalSection
	GlobalSection(ProjectConfigurationPlatforms) = postSolution
		{C80D6CD7-863A-43AD-BB8F-4D5DA246E940}.Debug|x64.ActiveCfg = Debug|x64
		{C80D6CD7-863A-43AD-BB8F-4D5DA246E940}.Debug|x64.Build.0 = Debug|x64
		{C80D6CD7-863A-43AD-BB8F-4D5DA246E940}.Release|x64.ActiveCfg = Release|x64
		{C80D6CD7-863A-43AD-BB8F-4D5DA246E940}.Release|x64.Build.0 = Release|x64
	EndGlobalSection
	GlobalSection(SolutionProperties) = preSolution
		HideSolutionNode = FALSE
	EndGlobalSection
	GlobalSection(ExtensibilityGlobals) = postSolution
		SolutionGuid = {4B96B1F1-64F9-4DAC-8D58-EB4DB0B3D03B}
	EndGlobalSection
EndGlobal
